
Microsoft Visual Studio Solution File, Format Version 12.00
Project("{FAE04EC0-301F-11D3-BF4B-00C04F79EFBC}") = "WPFApp", "WPFApp\WPFApp.csproj", "{720814CC-970D-475C-A291-272259F43E7E}"
EndProject
Project("{FAE04EC0-301F-11D3-BF4B-00C04F79EFBC}") = "EFLib", "EFLib\EFLib.csproj", "{E66631CA-D3C8-49D9-8A26-4A0303145B1A}"
EndProject
Global
	GlobalSection(SolutionConfigurationPlatforms) = preSolution
		Debug|Any CPU = Debug|Any CPU
		Release|Any CPU = Release|Any CPU
	EndGlobalSection
	GlobalSection(ProjectConfigurationPlatforms) = postSolution
		{720814CC-970D-475C-A291-272259F43E7E}.Debug|Any CPU.ActiveCfg = Debug|Any CPU
		{720814CC-970D-475C-A291-272259F43E7E}.Debug|Any CPU.Build.0 = Debug|Any CPU
		{720814CC-970D-475C-A291-272259F43E7E}.Release|Any CPU.ActiveCfg = Release|Any CPU
		{720814CC-970D-475C-A291-272259F43E7E}.Release|Any CPU.Build.0 = Release|Any CPU
		{E66631CA-D3C8-49D9-8A26-4A0303145B1A}.Debug|Any CPU.ActiveCfg = Debug|Any CPU
		{E66631CA-D3C8-49D9-8A26-4A0303145B1A}.Debug|Any CPU.Build.0 = Debug|Any CPU
		{E66631CA-D3C8-49D9-8A26-4A0303145B1A}.Release|Any CPU.ActiveCfg = Release|Any CPU
		{E66631CA-D3C8-49D9-8A26-4A0303145B1A}.Release|Any CPU.Build.0 = Release|Any CPU
	EndGlobalSection
EndGlobal
